
Microsoft Visual Studio Solution File, Format Version 12.00
# Visual Studio Version 16
VisualStudioVersion = 16.0.32126.315
MinimumVisualStudioVersion = 10.0.40219.1
Project("{FAE04EC0-301F-11D3-BF4B-00C04F79EFBC}") = "TheTree", "TheTree\TheTree.csproj", "{58BBF11F-BA5F-4654-9139-58F3B50B85EB}"
EndProject
Global
	GlobalSection(SolutionConfigurationPlatforms) = preSolution
		Debug|Any CPU = Debug|Any CPU
		Release|Any CPU = Release|Any CPU
	EndGlobalSection
	GlobalSection(ProjectConfigurationPlatforms) = postSolution
		{58BBF11F-BA5F-4654-9139-58F3B50B85EB}.Debug|Any CPU.ActiveCfg = Debug|Any CPU
		{58BBF11F-BA5F-4654-9139-58F3B50B85EB}.Debug|Any CPU.Build.0 = Debug|Any CPU
		{58BBF11F-BA5F-4654-9139-58F3B50B85EB}.Release|Any CPU.ActiveCfg = Release|Any CPU
		{58BBF11F-BA5F-4654-9139-58F3B50B85EB}.Release|Any CPU.Build.0 = Release|Any CPU
	EndGlobalSection
	GlobalSection(SolutionProperties) = preSolution
		HideSolutionNode = FALSE
	EndGlobalSection
	GlobalSection(ExtensibilityGlobals) = postSolution
		SolutionGuid = {2AACE1C2-DBD5-4DE1-A2BB-DB4E1FE6C6F7}
	EndGlobalSection
EndGlobal
